
Microsoft Visual Studio Solution File, Format Version 12.00
# Visual Studio Version 16
VisualStudioVersion = 16.0.28803.916
MinimumVisualStudioVersion = 10.0.40219.1
Project("{FAE04EC0-301F-11D3-BF4B-00C04F79EFBC}") = "PCalculadora", "PCalculadora\PCalculadora.csproj", "{D43DC8A7-3A69-42B4-B5AE-CC609AAFAD0D}"
EndProject
Global
	GlobalSection(SolutionConfigurationPlatforms) = preSolution
		Debug|Any CPU = Debug|Any CPU
		Release|Any CPU = Release|Any CPU
	EndGlobalSection
	GlobalSection(ProjectConfigurationPlatforms) = postSolution
		{D43DC8A7-3A69-42B4-B5AE-CC609AAFAD0D}.Debug|Any CPU.ActiveCfg = Debug|Any CPU
		{D43DC8A7-3A69-42B4-B5AE-CC609AAFAD0D}.Debug|Any CPU.Build.0 = Debug|Any CPU
		{D43DC8A7-3A69-42B4-B5AE-CC609AAFAD0D}.Release|Any CPU.ActiveCfg = Release|Any CPU
		{D43DC8A7-3A69-42B4-B5AE-CC609AAFAD0D}.Release|Any CPU.Build.0 = Release|Any CPU
	EndGlobalSection
	GlobalSection(SolutionProperties) = preSolution
		HideSolutionNode = FALSE
	EndGlobalSection
	GlobalSection(ExtensibilityGlobals) = postSolution
		SolutionGuid = {BA2BF8F7-BDEF-41BE-A2B6-68DD96EE1C71}
	EndGlobalSection
EndGlobal
