
Microsoft Visual Studio Solution File, Format Version 12.00
# Visual Studio Version 17
VisualStudioVersion = 17.6.33712.159
MinimumVisualStudioVersion = 10.0.40219.1
Project("{FAE04EC0-301F-11D3-BF4B-00C04F79EFBC}") = "PSalario", "PSalario\PSalario.csproj", "{7014565B-B83D-4DD5-AF4F-00F4549226C6}"
EndProject
Global
	GlobalSection(SolutionConfigurationPlatforms) = preSolution
		Debug|Any CPU = Debug|Any CPU
		Release|Any CPU = Release|Any CPU
	EndGlobalSection
	GlobalSection(ProjectConfigurationPlatforms) = postSolution
		{7014565B-B83D-4DD5-AF4F-00F4549226C6}.Debug|Any CPU.ActiveCfg = Debug|Any CPU
		{7014565B-B83D-4DD5-AF4F-00F4549226C6}.Debug|Any CPU.Build.0 = Debug|Any CPU
		{7014565B-B83D-4DD5-AF4F-00F4549226C6}.Release|Any CPU.ActiveCfg = Release|Any CPU
		{7014565B-B83D-4DD5-AF4F-00F4549226C6}.Release|Any CPU.Build.0 = Release|Any CPU
	EndGlobalSection
	GlobalSection(SolutionProperties) = preSolution
		HideSolutionNode = FALSE
	EndGlobalSection
	GlobalSection(ExtensibilityGlobals) = postSolution
		SolutionGuid = {3E20826C-8BA1-40B5-AC70-C8C44BF2DA4A}
	EndGlobalSection
EndGlobal
