
Microsoft Visual Studio Solution File, Format Version 12.00
# Visual Studio Version 16
VisualStudioVersion = 16.0.28803.916
MinimumVisualStudioVersion = 10.0.40219.1
Project("{FAE04EC0-301F-11D3-BF4B-00C04F79EFBC}") = "CalculoIMC", "CalculoIMC\CalculoIMC.csproj", "{89F259D0-BDBD-4DA8-8939-736FE5C299E1}"
EndProject
Global
	GlobalSection(SolutionConfigurationPlatforms) = preSolution
		Debug|Any CPU = Debug|Any CPU
		Release|Any CPU = Release|Any CPU
	EndGlobalSection
	GlobalSection(ProjectConfigurationPlatforms) = postSolution
		{89F259D0-BDBD-4DA8-8939-736FE5C299E1}.Debug|Any CPU.ActiveCfg = Debug|Any CPU
		{89F259D0-BDBD-4DA8-8939-736FE5C299E1}.Debug|Any CPU.Build.0 = Debug|Any CPU
		{89F259D0-BDBD-4DA8-8939-736FE5C299E1}.Release|Any CPU.ActiveCfg = Release|Any CPU
		{89F259D0-BDBD-4DA8-8939-736FE5C299E1}.Release|Any CPU.Build.0 = Release|Any CPU
	EndGlobalSection
	GlobalSection(SolutionProperties) = preSolution
		HideSolutionNode = FALSE
	EndGlobalSection
	GlobalSection(ExtensibilityGlobals) = postSolution
		SolutionGuid = {3859C3EA-83CA-4B70-9BE5-6C5A20DF8508}
	EndGlobalSection
EndGlobal
