
Microsoft Visual Studio Solution File, Format Version 12.00
# Visual Studio Version 17
VisualStudioVersion = 17.3.32929.385
MinimumVisualStudioVersion = 10.0.40219.1
Project("{FAE04EC0-301F-11D3-BF4B-00C04F79EFBC}") = "Pmatrizes", "Pmatrizes\Pmatrizes.csproj", "{D7C7A164-83A0-448E-B152-A7C2241E9A8B}"
EndProject
Global
	GlobalSection(SolutionConfigurationPlatforms) = preSolution
		Debug|Any CPU = Debug|Any CPU
		Release|Any CPU = Release|Any CPU
	EndGlobalSection
	GlobalSection(ProjectConfigurationPlatforms) = postSolution
		{D7C7A164-83A0-448E-B152-A7C2241E9A8B}.Debug|Any CPU.ActiveCfg = Debug|Any CPU
		{D7C7A164-83A0-448E-B152-A7C2241E9A8B}.Debug|Any CPU.Build.0 = Debug|Any CPU
		{D7C7A164-83A0-448E-B152-A7C2241E9A8B}.Release|Any CPU.ActiveCfg = Release|Any CPU
		{D7C7A164-83A0-448E-B152-A7C2241E9A8B}.Release|Any CPU.Build.0 = Release|Any CPU
	EndGlobalSection
	GlobalSection(SolutionProperties) = preSolution
		HideSolutionNode = FALSE
	EndGlobalSection
	GlobalSection(ExtensibilityGlobals) = postSolution
		SolutionGuid = {F9E4C595-AD6A-41D1-BBF2-FC8A04593793}
	EndGlobalSection
EndGlobal
